// !$*UTF8*$!
{
	archiveVersion = 1;
	classes = {
	};
	objectVersion = 46;
	objects = {

/* Begin PBXBuildFile section */
		F915C0C11EAE841D00199ED5 /* Deferred.framework in Frameworks */ = {isa = PBXBuildFile; fileRef = F915C0B81EAE83F200199ED5 /* Deferred.framework */; };
		F915C0C21EAE841D00199ED5 /* Deferred.framework in Embed Frameworks */ = {isa = PBXBuildFile; fileRef = F915C0B81EAE83F200199ED5 /* Deferred.framework */; settings = {ATTRIBUTES = (CodeSignOnCopy, RemoveHeadersOnCopy, ); }; };
		F970A5AD1EB3A88600F4BF02 /* RootViewController.swift in Sources */ = {isa = PBXBuildFile; fileRef = F970A5AC1EB3A88600F4BF02 /* RootViewController.swift */; };
		F970A5B61EB3AE4300F4BF02 /* PlanetsViewController.swift in Sources */ = {isa = PBXBuildFile; fileRef = F970A5B51EB3AE4300F4BF02 /* PlanetsViewController.swift */; };
		F970A5B81EB3B0D300F4BF02 /* AlertPresenter.swift in Sources */ = {isa = PBXBuildFile; fileRef = F970A5B71EB3B0D300F4BF02 /* AlertPresenter.swift */; };
		F970A5BA1EB3B52600F4BF02 /* PersonDetailViewController.swift in Sources */ = {isa = PBXBuildFile; fileRef = F970A5B91EB3B52600F4BF02 /* PersonDetailViewController.swift */; };
		F970A5BC1EB3B66B00F4BF02 /* PlanetDetailViewController.swift in Sources */ = {isa = PBXBuildFile; fileRef = F970A5BB1EB3B66B00F4BF02 /* PlanetDetailViewController.swift */; };
		F970A5BE1EB3BC4200F4BF02 /* SegueHandler.swift in Sources */ = {isa = PBXBuildFile; fileRef = F970A5BD1EB3BC4200F4BF02 /* SegueHandler.swift */; };
		F970A5C11EB3C29400F4BF02 /* People.storyboard in Resources */ = {isa = PBXBuildFile; fileRef = F970A5BF1EB3C29400F4BF02 /* People.storyboard */; };
		F970A5C41EB3C2C900F4BF02 /* Planets.storyboard in Resources */ = {isa = PBXBuildFile; fileRef = F970A5C21EB3C2C900F4BF02 /* Planets.storyboard */; };
		F970A5C81EB782E500F4BF02 /* NibLoadable.swift in Sources */ = {isa = PBXBuildFile; fileRef = F970A5C71EB782E500F4BF02 /* NibLoadable.swift */; };
		F970A5D11EB784C500F4BF02 /* TableViewRow.swift in Sources */ = {isa = PBXBuildFile; fileRef = F970A5D01EB784C500F4BF02 /* TableViewRow.swift */; };
		F970A5D31EB786C200F4BF02 /* ExistentialTableViewRow.swift in Sources */ = {isa = PBXBuildFile; fileRef = F970A5D21EB786C200F4BF02 /* ExistentialTableViewRow.swift */; };
		F970A5D61EB79C2100F4BF02 /* TwoLabelTableViewCell.swift in Sources */ = {isa = PBXBuildFile; fileRef = F970A5D41EB79C2100F4BF02 /* TwoLabelTableViewCell.swift */; };
		F970A5D71EB79C2100F4BF02 /* TwoLabelTableViewCell.xib in Resources */ = {isa = PBXBuildFile; fileRef = F970A5D51EB79C2100F4BF02 /* TwoLabelTableViewCell.xib */; };
		F970A5E01EB79DA500F4BF02 /* ThreeLabelTableViewCell.swift in Sources */ = {isa = PBXBuildFile; fileRef = F970A5DE1EB79DA500F4BF02 /* ThreeLabelTableViewCell.swift */; };
		F970A5E11EB79DA500F4BF02 /* ThreeLabelTableViewCell.xib in Resources */ = {isa = PBXBuildFile; fileRef = F970A5DF1EB79DA500F4BF02 /* ThreeLabelTableViewCell.xib */; };
		F970A5E31EB79F3B00F4BF02 /* TwoLabelRow.swift in Sources */ = {isa = PBXBuildFile; fileRef = F970A5E21EB79F3B00F4BF02 /* TwoLabelRow.swift */; };
		F970A5E51EB79FE700F4BF02 /* ThreeLabelRow.swift in Sources */ = {isa = PBXBuildFile; fileRef = F970A5E41EB79FE700F4BF02 /* ThreeLabelRow.swift */; };
		F9E029D51E9FE394002A1954 /* Freddy.framework in Frameworks */ = {isa = PBXBuildFile; fileRef = F9E029CC1E9FE34E002A1954 /* Freddy.framework */; };
		F9E029D61E9FE394002A1954 /* Freddy.framework in Embed Frameworks */ = {isa = PBXBuildFile; fileRef = F9E029CC1E9FE34E002A1954 /* Freddy.framework */; settings = {ATTRIBUTES = (CodeSignOnCopy, RemoveHeadersOnCopy, ); }; };
		F9E029DB1EA003D9002A1954 /* PeopleStore.swift in Sources */ = {isa = PBXBuildFile; fileRef = F9E029DA1EA003D9002A1954 /* PeopleStore.swift */; };
		F9E029E11EA4FFED002A1954 /* Planet.swift in Sources */ = {isa = PBXBuildFile; fileRef = F9E029E01EA4FFED002A1954 /* Planet.swift */; };
		F9E029EA1EA504E8002A1954 /* homeWorld.json in Resources */ = {isa = PBXBuildFile; fileRef = F9E029E91EA504E8002A1954 /* homeWorld.json */; };
		F9E029ED1EA5147B002A1954 /* PlanetStore.swift in Sources */ = {isa = PBXBuildFile; fileRef = F9E029EC1EA5147B002A1954 /* PlanetStore.swift */; };
		F9F820B01E9E99050015E286 /* AppDelegate.swift in Sources */ = {isa = PBXBuildFile; fileRef = F9F820AF1E9E99050015E286 /* AppDelegate.swift */; };
		F9F820B21E9E99050015E286 /* PeopleViewController.swift in Sources */ = {isa = PBXBuildFile; fileRef = F9F820B11E9E99050015E286 /* PeopleViewController.swift */; };
		F9F820B51E9E99050015E286 /* Main.storyboard in Resources */ = {isa = PBXBuildFile; fileRef = F9F820B31E9E99050015E286 /* Main.storyboard */; };
		F9F820B71E9E99050015E286 /* Assets.xcassets in Resources */ = {isa = PBXBuildFile; fileRef = F9F820B61E9E99050015E286 /* Assets.xcassets */; };
		F9F820BA1E9E99050015E286 /* LaunchScreen.storyboard in Resources */ = {isa = PBXBuildFile; fileRef = F9F820B81E9E99050015E286 /* LaunchScreen.storyboard */; };
		F9F820C51E9E99050015E286 /* SWAPITests.swift in Sources */ = {isa = PBXBuildFile; fileRef = F9F820C41E9E99050015E286 /* SWAPITests.swift */; };
		F9F820D01E9E99050015E286 /* SWAPIUITests.swift in Sources */ = {isa = PBXBuildFile; fileRef = F9F820CF1E9E99050015E286 /* SWAPIUITests.swift */; };
		F9F820DE1E9E9A340015E286 /* HTTPClient.swift in Sources */ = {isa = PBXBuildFile; fileRef = F9F820DD1E9E9A340015E286 /* HTTPClient.swift */; };
		F9F820E01E9EBB160015E286 /* MockURLSession.swift in Sources */ = {isa = PBXBuildFile; fileRef = F9F820DF1E9EBB160015E286 /* MockURLSession.swift */; };
		F9F820E21E9EBB6A0015E286 /* MockURLSessionDataTask.swift in Sources */ = {isa = PBXBuildFile; fileRef = F9F820E11E9EBB6A0015E286 /* MockURLSessionDataTask.swift */; };
		F9F820E51E9EC3D80015E286 /* people.json in Resources */ = {isa = PBXBuildFile; fileRef = F9F820E31E9EC18A0015E286 /* people.json */; };
		F9F820E71E9ECF6D0015E286 /* Person.swift in Sources */ = {isa = PBXBuildFile; fileRef = F9F820E61E9ECF6D0015E286 /* Person.swift */; };
/* End PBXBuildFile section */

/* Begin PBXContainerItemProxy section */
		F915C0B71EAE83F200199ED5 /* PBXContainerItemProxy */ = {
			isa = PBXContainerItemProxy;
			containerPortal = F915C06C1EAE83F200199ED5 /* Deferred.xcodeproj */;
			proxyType = 2;
			remoteGlobalIDString = DB524C711D851E3800DDF16D;
			remoteInfo = Deferred;
		};
		F915C0B91EAE83F200199ED5 /* PBXContainerItemProxy */ = {
			isa = PBXContainerItemProxy;
			containerPortal = F915C06C1EAE83F200199ED5 /* Deferred.xcodeproj */;
			proxyType = 2;
			remoteGlobalIDString = DB524C7A1D851E3800DDF16D;
			remoteInfo = DeferredTests;
		};
		F915C0C31EAE841D00199ED5 /* PBXContainerItemProxy */ = {
			isa = PBXContainerItemProxy;
			containerPortal = F915C06C1EAE83F200199ED5 /* Deferred.xcodeproj */;
			proxyType = 1;
			remoteGlobalIDString = DB524C701D851E3800DDF16D;
			remoteInfo = Deferred;
		};
		F9E029C71E9FE34E002A1954 /* PBXContainerItemProxy */ = {
			isa = PBXContainerItemProxy;
			containerPortal = F9E029951E9FE34E002A1954 /* Freddy.xcodeproj */;
			proxyType = 2;
			remoteGlobalIDString = DB6ADF3E1C23612000D77BF1;
			remoteInfo = Freddy;
		};
		F9E029C91E9FE34E002A1954 /* PBXContainerItemProxy */ = {
			isa = PBXContainerItemProxy;
			containerPortal = F9E029951E9FE34E002A1954 /* Freddy.xcodeproj */;
			proxyType = 2;
			remoteGlobalIDString = DB6ADF471C23612000D77BF1;
			remoteInfo = FreddyTests;
		};
		F9E029CB1E9FE34E002A1954 /* PBXContainerItemProxy */ = {
			isa = PBXContainerItemProxy;
			containerPortal = F9E029951E9FE34E002A1954 /* Freddy.xcodeproj */;
			proxyType = 2;
			remoteGlobalIDString = DB6ADF1F1C23610B00D77BF1;
			remoteInfo = MobileFreddy;
		};
		F9E029CD1E9FE34E002A1954 /* PBXContainerItemProxy */ = {
			isa = PBXContainerItemProxy;
			containerPortal = F9E029951E9FE34E002A1954 /* Freddy.xcodeproj */;
			proxyType = 2;
			remoteGlobalIDString = DB6ADF291C23610B00D77BF1;
			remoteInfo = MobileFreddyTests;
		};
		F9E029CF1E9FE34E002A1954 /* PBXContainerItemProxy */ = {
			isa = PBXContainerItemProxy;
			containerPortal = F9E029951E9FE34E002A1954 /* Freddy.xcodeproj */;
			proxyType = 2;
			remoteGlobalIDString = DB6ADF5A1C23612900D77BF1;
			remoteInfo = TVFreddy;
		};
		F9E029D11E9FE34E002A1954 /* PBXContainerItemProxy */ = {
			isa = PBXContainerItemProxy;
			containerPortal = F9E029951E9FE34E002A1954 /* Freddy.xcodeproj */;
			proxyType = 2;
			remoteGlobalIDString = DB6ADF631C23612A00D77BF1;
			remoteInfo = TVFreddyTests;
		};
		F9E029D31E9FE34E002A1954 /* PBXContainerItemProxy */ = {
			isa = PBXContainerItemProxy;
			containerPortal = F9E029951E9FE34E002A1954 /* Freddy.xcodeproj */;
			proxyType = 2;
			remoteGlobalIDString = DB6ADF761C23613200D77BF1;
			remoteInfo = NanoFreddy;
		};
		F9E029D71E9FE394002A1954 /* PBXContainerItemProxy */ = {
			isa = PBXContainerItemProxy;
			containerPortal = F9E029951E9FE34E002A1954 /* Freddy.xcodeproj */;
			proxyType = 1;
			remoteGlobalIDString = DB6ADF1E1C23610B00D77BF1;
			remoteInfo = MobileFreddy;
		};
		F9F820C11E9E99050015E286 /* PBXContainerItemProxy */ = {
			isa = PBXContainerItemProxy;
			containerPortal = F9F820A41E9E99050015E286 /* Project object */;
			proxyType = 1;
			remoteGlobalIDString = F9F820AB1E9E99050015E286;
			remoteInfo = SWAPI;
		};
		F9F820CC1E9E99050015E286 /* PBXContainerItemProxy */ = {
			isa = PBXContainerItemProxy;
			containerPortal = F9F820A41E9E99050015E286 /* Project object */;
			proxyType = 1;
			remoteGlobalIDString = F9F820AB1E9E99050015E286;
			remoteInfo = SWAPI;
		};
/* End PBXContainerItemProxy section */

/* Begin PBXCopyFilesBuildPhase section */
		F9E029D91E9FE394002A1954 /* Embed Frameworks */ = {
			isa = PBXCopyFilesBuildPhase;
			buildActionMask = 2147483647;
			dstPath = "";
			dstSubfolderSpec = 10;
			files = (
				F9E029D61E9FE394002A1954 /* Freddy.framework in Embed Frameworks */,
				F915C0C21EAE841D00199ED5 /* Deferred.framework in Embed Frameworks */,
			);
			name = "Embed Frameworks";
			runOnlyForDeploymentPostprocessing = 0;
		};
/* End PBXCopyFilesBuildPhase section */

/* Begin PBXFileReference section */
		F915C0521EAE83F200199ED5 /* .cocoadocs.yml */ = {isa = PBXFileReference; lastKnownFileType = text; path = .cocoadocs.yml; sourceTree = "<group>"; };
		F915C0551EAE83F200199ED5 /* deferred_readme_set_version.rb */ = {isa = PBXFileReference; lastKnownFileType = text.script.ruby; path = deferred_readme_set_version.rb; sourceTree = "<group>"; };
		F915C0561EAE83F200199ED5 /* podspec_set_version.rb */ = {isa = PBXFileReference; lastKnownFileType = text.script.ruby; path = podspec_set_version.rb; sourceTree = "<group>"; };
		F915C0571EAE83F200199ED5 /* publish_gh_pages.rb */ = {isa = PBXFileReference; lastKnownFileType = text.script.ruby; path = publish_gh_pages.rb; sourceTree = "<group>"; };
		F915C0581EAE83F200199ED5 /* version_bump_xcconfig.rb */ = {isa = PBXFileReference; lastKnownFileType = text.script.ruby; path = version_bump_xcconfig.rb; sourceTree = "<group>"; };
		F915C0591EAE83F200199ED5 /* Fastfile */ = {isa = PBXFileReference; lastKnownFileType = text; path = Fastfile; sourceTree = "<group>"; };
		F915C05A1EAE83F200199ED5 /* README.md */ = {isa = PBXFileReference; lastKnownFileType = net.daringfireball.markdown; path = README.md; sourceTree = "<group>"; };
		F915C05B1EAE83F200199ED5 /* report.xml */ = {isa = PBXFileReference; lastKnownFileType = text.xml; path = report.xml; sourceTree = "<group>"; };
		F915C05D1EAE83F200199ED5 /* CODE_OF_CONDUCT.md */ = {isa = PBXFileReference; lastKnownFileType = net.daringfireball.markdown; path = CODE_OF_CONDUCT.md; sourceTree = "<group>"; };
		F915C05E1EAE83F200199ED5 /* CONTRIBUTING.md */ = {isa = PBXFileReference; lastKnownFileType = net.daringfireball.markdown; path = CONTRIBUTING.md; sourceTree = "<group>"; };
		F915C05F1EAE83F200199ED5 /* PULL_REQUEST_TEMPLATE.md */ = {isa = PBXFileReference; lastKnownFileType = net.daringfireball.markdown; path = PULL_REQUEST_TEMPLATE.md; sourceTree = "<group>"; };
		F915C0601EAE83F200199ED5 /* .gitignore */ = {isa = PBXFileReference; lastKnownFileType = text; path = .gitignore; sourceTree = "<group>"; };
		F915C0611EAE83F200199ED5 /* .jazzy.yml */ = {isa = PBXFileReference; lastKnownFileType = text; path = .jazzy.yml; sourceTree = "<group>"; };
		F915C0621EAE83F200199ED5 /* .swift-version */ = {isa = PBXFileReference; lastKnownFileType = text; path = ".swift-version"; sourceTree = "<group>"; };
		F915C0631EAE83F200199ED5 /* .swiftlint.yml */ = {isa = PBXFileReference; lastKnownFileType = text; path = .swiftlint.yml; sourceTree = "<group>"; };
		F915C0641EAE83F200199ED5 /* .travis.yml */ = {isa = PBXFileReference; lastKnownFileType = text; path = .travis.yml; sourceTree = "<group>"; };
		F915C0651EAE83F200199ED5 /* BNRDeferred.podspec */ = {isa = PBXFileReference; lastKnownFileType = text; path = BNRDeferred.podspec; sourceTree = "<group>"; };
		F915C0671EAE83F200199ED5 /* Base.xcconfig */ = {isa = PBXFileReference; lastKnownFileType = text.xcconfig; path = Base.xcconfig; sourceTree = "<group>"; };
		F915C0681EAE83F200199ED5 /* Debug.xcconfig */ = {isa = PBXFileReference; lastKnownFileType = text.xcconfig; path = Debug.xcconfig; sourceTree = "<group>"; };
		F915C0691EAE83F200199ED5 /* Framework.xcconfig */ = {isa = PBXFileReference; lastKnownFileType = text.xcconfig; path = Framework.xcconfig; sourceTree = "<group>"; };
		F915C06A1EAE83F200199ED5 /* Release.xcconfig */ = {isa = PBXFileReference; lastKnownFileType = text.xcconfig; path = Release.xcconfig; sourceTree = "<group>"; };
		F915C06B1EAE83F200199ED5 /* Tests.xcconfig */ = {isa = PBXFileReference; lastKnownFileType = text.xcconfig; path = Tests.xcconfig; sourceTree = "<group>"; };
		F915C06C1EAE83F200199ED5 /* Deferred.xcodeproj */ = {isa = PBXFileReference; lastKnownFileType = "wrapper.pb-project"; path = Deferred.xcodeproj; sourceTree = "<group>"; };
		F915C0711EAE83F200199ED5 /* Basic Tasks.md */ = {isa = PBXFileReference; lastKnownFileType = net.daringfireball.markdown; path = "Basic Tasks.md"; sourceTree = "<group>"; };
		F915C0721EAE83F200199ED5 /* Getting Started.md */ = {isa = PBXFileReference; lastKnownFileType = net.daringfireball.markdown; path = "Getting Started.md"; sourceTree = "<group>"; };
		F915C0731EAE83F200199ED5 /* Mastering The Future Type.md */ = {isa = PBXFileReference; lastKnownFileType = net.daringfireball.markdown; path = "Mastering The Future Type.md"; sourceTree = "<group>"; };
		F915C0741EAE83F200199ED5 /* Why Deferred?.md */ = {isa = PBXFileReference; lastKnownFileType = net.daringfireball.markdown; path = "Why Deferred?.md"; sourceTree = "<group>"; };
		F915C0751EAE83F200199ED5 /* Intuition.md */ = {isa = PBXFileReference; lastKnownFileType = net.daringfireball.markdown; path = Intuition.md; sourceTree = "<group>"; };
		F915C0761EAE83F200199ED5 /* LICENSE.txt */ = {isa = PBXFileReference; lastKnownFileType = text; path = LICENSE.txt; sourceTree = "<group>"; };
		F915C0771EAE83F200199ED5 /* Package.swift */ = {isa = PBXFileReference; lastKnownFileType = sourcecode.swift; path = Package.swift; sourceTree = "<group>"; };
		F915C0781EAE83F200199ED5 /* README.md */ = {isa = PBXFileReference; lastKnownFileType = net.daringfireball.markdown; path = README.md; sourceTree = "<group>"; };
		F915C07B1EAE83F200199ED5 /* Empty.c */ = {isa = PBXFileReference; lastKnownFileType = sourcecode.c.c; path = Empty.c; sourceTree = "<group>"; };
		F915C07D1EAE83F200199ED5 /* Atomics.h */ = {isa = PBXFileReference; lastKnownFileType = sourcecode.c.h; path = Atomics.h; sourceTree = "<group>"; };
		F915C07E1EAE83F200199ED5 /* module.modulemap */ = {isa = PBXFileReference; lastKnownFileType = "sourcecode.module-map"; path = module.modulemap; sourceTree = "<group>"; };
		F915C0801EAE83F200199ED5 /* Deferred.swift */ = {isa = PBXFileReference; lastKnownFileType = sourcecode.swift; path = Deferred.swift; sourceTree = "<group>"; };
		F915C0811EAE83F200199ED5 /* Executor.swift */ = {isa = PBXFileReference; lastKnownFileType = sourcecode.swift; path = Executor.swift; sourceTree = "<group>"; };
		F915C0821EAE83F200199ED5 /* ExistentialFuture.swift */ = {isa = PBXFileReference; lastKnownFileType = sourcecode.swift; path = ExistentialFuture.swift; sourceTree = "<group>"; };
		F915C0831EAE83F200199ED5 /* Future.swift */ = {isa = PBXFileReference; lastKnownFileType = sourcecode.swift; path = Future.swift; sourceTree = "<group>"; };
		F915C0841EAE83F200199ED5 /* FutureCollections.swift */ = {isa = PBXFileReference; lastKnownFileType = sourcecode.swift; path = FutureCollections.swift; sourceTree = "<group>"; };
		F915C0851EAE83F200199ED5 /* FutureComposition.swift */ = {isa = PBXFileReference; lastKnownFileType = sourcecode.swift; path = FutureComposition.swift; sourceTree = "<group>"; };
		F915C0861EAE83F200199ED5 /* FutureEveryMap.swift */ = {isa = PBXFileReference; lastKnownFileType = sourcecode.swift; path = FutureEveryMap.swift; sourceTree = "<group>"; };
		F915C0871EAE83F200199ED5 /* FutureIgnore.swift */ = {isa = PBXFileReference; lastKnownFileType = sourcecode.swift; path = FutureIgnore.swift; sourceTree = "<group>"; };
		F915C0881EAE83F200199ED5 /* Locking.swift */ = {isa = PBXFileReference; lastKnownFileType = sourcecode.swift; path = Locking.swift; sourceTree = "<group>"; };
		F915C0891EAE83F200199ED5 /* Promise.swift */ = {isa = PBXFileReference; lastKnownFileType = sourcecode.swift; path = Promise.swift; sourceTree = "<group>"; };
		F915C08A1EAE83F200199ED5 /* Protected.swift */ = {isa = PBXFileReference; lastKnownFileType = sourcecode.swift; path = Protected.swift; sourceTree = "<group>"; };
		F915C08B1EAE83F200199ED5 /* Deferred.h */ = {isa = PBXFileReference; lastKnownFileType = sourcecode.c.h; path = Deferred.h; sourceTree = "<group>"; };
		F915C08C1EAE83F200199ED5 /* Info.plist */ = {isa = PBXFileReference; lastKnownFileType = text.plist.xml; path = Info.plist; sourceTree = "<group>"; };
		F915C08D1EAE83F200199ED5 /* module.modulemap */ = {isa = PBXFileReference; lastKnownFileType = "sourcecode.module-map"; path = module.modulemap; sourceTree = "<group>"; };
		F915C08F1EAE83F200199ED5 /* Either.swift */ = {isa = PBXFileReference; lastKnownFileType = sourcecode.swift; path = Either.swift; sourceTree = "<group>"; };
		F915C0901EAE83F200199ED5 /* EitherRecovery.swift */ = {isa = PBXFileReference; lastKnownFileType = sourcecode.swift; path = EitherRecovery.swift; sourceTree = "<group>"; };
		F915C0911EAE83F200199ED5 /* TaskResult.swift */ = {isa = PBXFileReference; lastKnownFileType = sourcecode.swift; path = TaskResult.swift; sourceTree = "<group>"; };
		F915C0931EAE83F200199ED5 /* ExistentialTask.swift */ = {isa = PBXFileReference; lastKnownFileType = sourcecode.swift; path = ExistentialTask.swift; sourceTree = "<group>"; };
		F915C0941EAE83F200199ED5 /* ResultFuture.swift */ = {isa = PBXFileReference; lastKnownFileType = sourcecode.swift; path = ResultFuture.swift; sourceTree = "<group>"; };
		F915C0951EAE83F200199ED5 /* ResultPromise.swift */ = {isa = PBXFileReference; lastKnownFileType = sourcecode.swift; path = ResultPromise.swift; sourceTree = "<group>"; };
		F915C0961EAE83F200199ED5 /* TaskAndThen.swift */ = {isa = PBXFileReference; lastKnownFileType = sourcecode.swift; path = TaskAndThen.swift; sourceTree = "<group>"; };
		F915C0971EAE83F200199ED5 /* TaskCollections.swift */ = {isa = PBXFileReference; lastKnownFileType = sourcecode.swift; path = TaskCollections.swift; sourceTree = "<group>"; };
		F915C0981EAE83F200199ED5 /* TaskGroup.swift */ = {isa = PBXFileReference; lastKnownFileType = sourcecode.swift; path = TaskGroup.swift; sourceTree = "<group>"; };
		F915C0991EAE83F200199ED5 /* TaskIgnore.swift */ = {isa = PBXFileReference; lastKnownFileType = sourcecode.swift; path = TaskIgnore.swift; sourceTree = "<group>"; };
		F915C09A1EAE83F200199ED5 /* TaskMap.swift */ = {isa = PBXFileReference; lastKnownFileType = sourcecode.swift; path = TaskMap.swift; sourceTree = "<group>"; };
		F915C09B1EAE83F200199ED5 /* TaskProgress.swift */ = {isa = PBXFileReference; lastKnownFileType = sourcecode.swift; path = TaskProgress.swift; sourceTree = "<group>"; };
		F915C09C1EAE83F200199ED5 /* TaskRecovery.swift */ = {isa = PBXFileReference; lastKnownFileType = sourcecode.swift; path = TaskRecovery.swift; sourceTree = "<group>"; };
		F915C09D1EAE83F200199ED5 /* TaskWorkItem.swift */ = {isa = PBXFileReference; lastKnownFileType = sourcecode.swift; path = TaskWorkItem.swift; sourceTree = "<group>"; };
		F915C09F1EAE83F200199ED5 /* Fixtures.swift */ = {isa = PBXFileReference; lastKnownFileType = sourcecode.swift; path = Fixtures.swift; sourceTree = "<group>"; };
		F915C0A21EAE83F200199ED5 /* DeferredTests.swift */ = {isa = PBXFileReference; lastKnownFileType = sourcecode.swift; path = DeferredTests.swift; sourceTree = "<group>"; };
		F915C0A31EAE83F200199ED5 /* ExistentialFutureTests.swift */ = {isa = PBXFileReference; lastKnownFileType = sourcecode.swift; path = ExistentialFutureTests.swift; sourceTree = "<group>"; };
		F915C0A41EAE83F200199ED5 /* FutureCustomExecutorTests.swift */ = {isa = PBXFileReference; lastKnownFileType = sourcecode.swift; path = FutureCustomExecutorTests.swift; sourceTree = "<group>"; };
		F915C0A51EAE83F200199ED5 /* FutureIgnoreTests.swift */ = {isa = PBXFileReference; lastKnownFileType = sourcecode.swift; path = FutureIgnoreTests.swift; sourceTree = "<group>"; };
		F915C0A61EAE83F200199ED5 /* FutureTests.swift */ = {isa = PBXFileReference; lastKnownFileType = sourcecode.swift; path = FutureTests.swift; sourceTree = "<group>"; };
		F915C0A71EAE83F200199ED5 /* LockingTests.swift */ = {isa = PBXFileReference; lastKnownFileType = sourcecode.swift; path = LockingTests.swift; sourceTree = "<group>"; };
		F915C0A81EAE83F200199ED5 /* ProtectedTests.swift */ = {isa = PBXFileReference; lastKnownFileType = sourcecode.swift; path = ProtectedTests.swift; sourceTree = "<group>"; };
		F915C0A91EAE83F200199ED5 /* SwiftBugTests.swift */ = {isa = PBXFileReference; lastKnownFileType = sourcecode.swift; path = SwiftBugTests.swift; sourceTree = "<group>"; };
		F915C0AA1EAE83F200199ED5 /* Info.plist */ = {isa = PBXFileReference; lastKnownFileType = text.plist.xml; path = Info.plist; sourceTree = "<group>"; };
		F915C0AB1EAE83F200199ED5 /* LinuxMain.swift */ = {isa = PBXFileReference; lastKnownFileType = sourcecode.swift; path = LinuxMain.swift; sourceTree = "<group>"; };
		F915C0AD1EAE83F200199ED5 /* ResultRecoveryTests.swift */ = {isa = PBXFileReference; lastKnownFileType = sourcecode.swift; path = ResultRecoveryTests.swift; sourceTree = "<group>"; };
		F915C0AE1EAE83F200199ED5 /* TaskResultTests.swift */ = {isa = PBXFileReference; lastKnownFileType = sourcecode.swift; path = TaskResultTests.swift; sourceTree = "<group>"; };
		F915C0AF1EAE83F200199ED5 /* VoidResultTests.swift */ = {isa = PBXFileReference; lastKnownFileType = sourcecode.swift; path = VoidResultTests.swift; sourceTree = "<group>"; };
		F915C0B11EAE83F200199ED5 /* TaskComprehensiveTests.swift */ = {isa = PBXFileReference; lastKnownFileType = sourcecode.swift; path = TaskComprehensiveTests.swift; sourceTree = "<group>"; };
		F915C0B21EAE83F200199ED5 /* TaskGroupTests.swift */ = {isa = PBXFileReference; lastKnownFileType = sourcecode.swift; path = TaskGroupTests.swift; sourceTree = "<group>"; };
		F915C0B31EAE83F200199ED5 /* TaskTests.swift */ = {isa = PBXFileReference; lastKnownFileType = sourcecode.swift; path = TaskTests.swift; sourceTree = "<group>"; };
		F915C0B41EAE83F200199ED5 /* TaskWorkItemTests.swift */ = {isa = PBXFileReference; lastKnownFileType = sourcecode.swift; path = TaskWorkItemTests.swift; sourceTree = "<group>"; };
		F970A5AC1EB3A88600F4BF02 /* RootViewController.swift */ = {isa = PBXFileReference; fileEncoding = 4; lastKnownFileType = sourcecode.swift; path = RootViewController.swift; sourceTree = "<group>"; };
		F970A5B51EB3AE4300F4BF02 /* PlanetsViewController.swift */ = {isa = PBXFileReference; fileEncoding = 4; lastKnownFileType = sourcecode.swift; path = PlanetsViewController.swift; sourceTree = "<group>"; };
		F970A5B71EB3B0D300F4BF02 /* AlertPresenter.swift */ = {isa = PBXFileReference; fileEncoding = 4; lastKnownFileType = sourcecode.swift; path = AlertPresenter.swift; sourceTree = "<group>"; };
		F970A5B91EB3B52600F4BF02 /* PersonDetailViewController.swift */ = {isa = PBXFileReference; fileEncoding = 4; lastKnownFileType = sourcecode.swift; path = PersonDetailViewController.swift; sourceTree = "<group>"; };
		F970A5BB1EB3B66B00F4BF02 /* PlanetDetailViewController.swift */ = {isa = PBXFileReference; fileEncoding = 4; lastKnownFileType = sourcecode.swift; path = PlanetDetailViewController.swift; sourceTree = "<group>"; };
		F970A5BD1EB3BC4200F4BF02 /* SegueHandler.swift */ = {isa = PBXFileReference; fileEncoding = 4; lastKnownFileType = sourcecode.swift; path = SegueHandler.swift; sourceTree = "<group>"; };
		F970A5C01EB3C29400F4BF02 /* Base */ = {isa = PBXFileReference; lastKnownFileType = file.storyboard; name = Base; path = Base.lproj/People.storyboard; sourceTree = "<group>"; };
		F970A5C31EB3C2C900F4BF02 /* Base */ = {isa = PBXFileReference; lastKnownFileType = file.storyboard; name = Base; path = Base.lproj/Planets.storyboard; sourceTree = "<group>"; };
		F970A5C71EB782E500F4BF02 /* NibLoadable.swift */ = {isa = PBXFileReference; fileEncoding = 4; lastKnownFileType = sourcecode.swift; path = NibLoadable.swift; sourceTree = "<group>"; };
		F970A5D01EB784C500F4BF02 /* TableViewRow.swift */ = {isa = PBXFileReference; fileEncoding = 4; lastKnownFileType = sourcecode.swift; path = TableViewRow.swift; sourceTree = "<group>"; };
		F970A5D21EB786C200F4BF02 /* ExistentialTableViewRow.swift */ = {isa = PBXFileReference; fileEncoding = 4; lastKnownFileType = sourcecode.swift; path = ExistentialTableViewRow.swift; sourceTree = "<group>"; };
		F970A5D41EB79C2100F4BF02 /* TwoLabelTableViewCell.swift */ = {isa = PBXFileReference; fileEncoding = 4; lastKnownFileType = sourcecode.swift; path = TwoLabelTableViewCell.swift; sourceTree = "<group>"; };
		F970A5D51EB79C2100F4BF02 /* TwoLabelTableViewCell.xib */ = {isa = PBXFileReference; fileEncoding = 4; lastKnownFileType = file.xib; path = TwoLabelTableViewCell.xib; sourceTree = "<group>"; };
		F970A5DE1EB79DA500F4BF02 /* ThreeLabelTableViewCell.swift */ = {isa = PBXFileReference; fileEncoding = 4; lastKnownFileType = sourcecode.swift; path = ThreeLabelTableViewCell.swift; sourceTree = "<group>"; };
		F970A5DF1EB79DA500F4BF02 /* ThreeLabelTableViewCell.xib */ = {isa = PBXFileReference; fileEncoding = 4; lastKnownFileType = file.xib; path = ThreeLabelTableViewCell.xib; sourceTree = "<group>"; };
		F970A5E21EB79F3B00F4BF02 /* TwoLabelRow.swift */ = {isa = PBXFileReference; fileEncoding = 4; lastKnownFileType = sourcecode.swift; path = TwoLabelRow.swift; sourceTree = "<group>"; };
		F970A5E41EB79FE700F4BF02 /* ThreeLabelRow.swift */ = {isa = PBXFileReference; fileEncoding = 4; lastKnownFileType = sourcecode.swift; path = ThreeLabelRow.swift; sourceTree = "<group>"; };
		F9E029851E9FE34E002A1954 /* .cocoadocs.yml */ = {isa = PBXFileReference; lastKnownFileType = text; path = .cocoadocs.yml; sourceTree = "<group>"; };
		F9E029861E9FE34E002A1954 /* .gitignore */ = {isa = PBXFileReference; lastKnownFileType = text; path = .gitignore; sourceTree = "<group>"; };
		F9E029871E9FE34E002A1954 /* .ruby-version */ = {isa = PBXFileReference; lastKnownFileType = text; path = ".ruby-version"; sourceTree = "<group>"; };
		F9E029881E9FE34E002A1954 /* .swift-version */ = {isa = PBXFileReference; lastKnownFileType = text; path = ".swift-version"; sourceTree = "<group>"; };
		F9E029891E9FE34E002A1954 /* .travis.yml */ = {isa = PBXFileReference; lastKnownFileType = text; path = .travis.yml; sourceTree = "<group>"; };
		F9E0298B1E9FE34E002A1954 /* Base.xcconfig */ = {isa = PBXFileReference; lastKnownFileType = text.xcconfig; path = Base.xcconfig; sourceTree = "<group>"; };
		F9E0298C1E9FE34E002A1954 /* Debug.xcconfig */ = {isa = PBXFileReference; lastKnownFileType = text.xcconfig; path = Debug.xcconfig; sourceTree = "<group>"; };
		F9E0298D1E9FE34E002A1954 /* Framework.xcconfig */ = {isa = PBXFileReference; lastKnownFileType = text.xcconfig; path = Framework.xcconfig; sourceTree = "<group>"; };
		F9E0298E1E9FE34E002A1954 /* Release.xcconfig */ = {isa = PBXFileReference; lastKnownFileType = text.xcconfig; path = Release.xcconfig; sourceTree = "<group>"; };
		F9E0298F1E9FE34E002A1954 /* Tests.xcconfig */ = {isa = PBXFileReference; lastKnownFileType = text.xcconfig; path = Tests.xcconfig; sourceTree = "<group>"; };
		F9E029901E9FE34E002A1954 /* CONTRIBUTING.md */ = {isa = PBXFileReference; lastKnownFileType = net.daringfireball.markdown; path = CONTRIBUTING.md; sourceTree = "<group>"; };
		F9E029921E9FE34E002A1954 /* Fastfile */ = {isa = PBXFileReference; lastKnownFileType = text; path = Fastfile; sourceTree = "<group>"; };
		F9E029931E9FE34E002A1954 /* README.md */ = {isa = PBXFileReference; lastKnownFileType = net.daringfireball.markdown; path = README.md; sourceTree = "<group>"; };
		F9E029941E9FE34E002A1954 /* Freddy.podspec */ = {isa = PBXFileReference; lastKnownFileType = text; path = Freddy.podspec; sourceTree = "<group>"; };
		F9E029951E9FE34E002A1954 /* Freddy.xcodeproj */ = {isa = PBXFileReference; lastKnownFileType = "wrapper.pb-project"; path = Freddy.xcodeproj; sourceTree = "<group>"; };
		F9E029981E9FE34E002A1954 /* Gemfile */ = {isa = PBXFileReference; lastKnownFileType = text; path = Gemfile; sourceTree = "<group>"; };
		F9E029991E9FE34E002A1954 /* Gemfile.lock */ = {isa = PBXFileReference; lastKnownFileType = text; path = Gemfile.lock; sourceTree = "<group>"; };
		F9E0299A1E9FE34E002A1954 /* LICENSE */ = {isa = PBXFileReference; lastKnownFileType = text; path = LICENSE; sourceTree = "<group>"; };
		F9E0299B1E9FE34E002A1954 /* Package.swift */ = {isa = PBXFileReference; lastKnownFileType = sourcecode.swift; path = Package.swift; sourceTree = "<group>"; };
		F9E0299C1E9FE34E002A1954 /* README.md */ = {isa = PBXFileReference; lastKnownFileType = net.daringfireball.markdown; path = README.md; sourceTree = "<group>"; };
		F9E0299E1E9FE34E002A1954 /* addErrorBreakpoint.png */ = {isa = PBXFileReference; lastKnownFileType = image.png; path = addErrorBreakpoint.png; sourceTree = "<group>"; };
		F9E0299F1E9FE34E002A1954 /* addType.png */ = {isa = PBXFileReference; lastKnownFileType = image.png; path = addType.png; sourceTree = "<group>"; };
		F9E029A01E9FE34E002A1954 /* editBreakpoint.png */ = {isa = PBXFileReference; lastKnownFileType = image.png; path = editBreakpoint.png; sourceTree = "<group>"; };
		F9E029A11E9FE34E002A1954 /* projectNav_addBreakpoint.png */ = {isa = PBXFileReference; lastKnownFileType = image.png; path = projectNav_addBreakpoint.png; sourceTree = "<group>"; };
		F9E029A41E9FE34E002A1954 /* publish_docs.sh */ = {isa = PBXFileReference; lastKnownFileType = text.script.sh; path = publish_docs.sh; sourceTree = "<group>"; };
		F9E029A51E9FE34E002A1954 /* validate_carthage.sh */ = {isa = PBXFileReference; lastKnownFileType = text.script.sh; path = validate_carthage.sh; sourceTree = "<group>"; };
		F9E029A71E9FE34E002A1954 /* Freddy.h */ = {isa = PBXFileReference; lastKnownFileType = sourcecode.c.h; path = Freddy.h; sourceTree = "<group>"; };
		F9E029A81E9FE34E002A1954 /* Info.plist */ = {isa = PBXFileReference; lastKnownFileType = text.plist.xml; path = Info.plist; sourceTree = "<group>"; };
		F9E029A91E9FE34E002A1954 /* JSON.swift */ = {isa = PBXFileReference; lastKnownFileType = sourcecode.swift; path = JSON.swift; sourceTree = "<group>"; };
		F9E029AA1E9FE34E002A1954 /* JSONDecodable.swift */ = {isa = PBXFileReference; lastKnownFileType = sourcecode.swift; path = JSONDecodable.swift; sourceTree = "<group>"; };
		F9E029AB1E9FE34E002A1954 /* JSONEncodable.swift */ = {isa = PBXFileReference; lastKnownFileType = sourcecode.swift; path = JSONEncodable.swift; sourceTree = "<group>"; };
		F9E029AC1E9FE34E002A1954 /* JSONEncodingDetector.swift */ = {isa = PBXFileReference; lastKnownFileType = sourcecode.swift; path = JSONEncodingDetector.swift; sourceTree = "<group>"; };
		F9E029AD1E9FE34E002A1954 /* JSONLiteralConvertible.swift */ = {isa = PBXFileReference; lastKnownFileType = sourcecode.swift; path = JSONLiteralConvertible.swift; sourceTree = "<group>"; };
		F9E029AE1E9FE34E002A1954 /* JSONParser.swift */ = {isa = PBXFileReference; lastKnownFileType = sourcecode.swift; path = JSONParser.swift; sourceTree = "<group>"; };
		F9E029AF1E9FE34E002A1954 /* JSONParsing.swift */ = {isa = PBXFileReference; lastKnownFileType = sourcecode.swift; path = JSONParsing.swift; sourceTree = "<group>"; };
		F9E029B01E9FE34E002A1954 /* JSONSerializing.swift */ = {isa = PBXFileReference; lastKnownFileType = sourcecode.swift; path = JSONSerializing.swift; sourceTree = "<group>"; };
		F9E029B11E9FE34E002A1954 /* JSONSubscripting.swift */ = {isa = PBXFileReference; lastKnownFileType = sourcecode.swift; path = JSONSubscripting.swift; sourceTree = "<group>"; };
		F9E029B41E9FE34E002A1954 /* Info.plist */ = {isa = PBXFileReference; lastKnownFileType = text.plist.xml; path = Info.plist; sourceTree = "<group>"; };
		F9E029B51E9FE34E002A1954 /* JSONDecodableTests.swift */ = {isa = PBXFileReference; lastKnownFileType = sourcecode.swift; path = JSONDecodableTests.swift; sourceTree = "<group>"; };
		F9E029B61E9FE34E002A1954 /* JSONEncodableTests.swift */ = {isa = PBXFileReference; lastKnownFileType = sourcecode.swift; path = JSONEncodableTests.swift; sourceTree = "<group>"; };
		F9E029B71E9FE34E002A1954 /* JSONEncodingDetectorTests.swift */ = {isa = PBXFileReference; lastKnownFileType = sourcecode.swift; path = JSONEncodingDetectorTests.swift; sourceTree = "<group>"; };
		F9E029B81E9FE34E002A1954 /* JSONParserTests.swift */ = {isa = PBXFileReference; lastKnownFileType = sourcecode.swift; path = JSONParserTests.swift; sourceTree = "<group>"; };
		F9E029B91E9FE34E002A1954 /* JSONSerializingTests.swift */ = {isa = PBXFileReference; lastKnownFileType = sourcecode.swift; path = JSONSerializingTests.swift; sourceTree = "<group>"; };
		F9E029BA1E9FE34E002A1954 /* JSONSubscriptingTests.swift */ = {isa = PBXFileReference; lastKnownFileType = sourcecode.swift; path = JSONSubscriptingTests.swift; sourceTree = "<group>"; };
		F9E029BB1E9FE34E002A1954 /* JSONTests.swift */ = {isa = PBXFileReference; lastKnownFileType = sourcecode.swift; path = JSONTests.swift; sourceTree = "<group>"; };
		F9E029BC1E9FE34E002A1954 /* JSONTypeTests.swift */ = {isa = PBXFileReference; lastKnownFileType = sourcecode.swift; path = JSONTypeTests.swift; sourceTree = "<group>"; };
		F9E029BD1E9FE34E002A1954 /* Person.swift */ = {isa = PBXFileReference; lastKnownFileType = sourcecode.swift; path = Person.swift; sourceTree = "<group>"; };
		F9E029BE1E9FE34E002A1954 /* sample.JSON */ = {isa = PBXFileReference; lastKnownFileType = text.json; path = sample.JSON; sourceTree = "<group>"; };
		F9E029BF1E9FE34E002A1954 /* sampleNoWhiteSpace.JSON */ = {isa = PBXFileReference; lastKnownFileType = text.json; path = sampleNoWhiteSpace.JSON; sourceTree = "<group>"; };
		F9E029DA1EA003D9002A1954 /* PeopleStore.swift */ = {isa = PBXFileReference; fileEncoding = 4; lastKnownFileType = sourcecode.swift; path = PeopleStore.swift; sourceTree = "<group>"; };
		F9E029E01EA4FFED002A1954 /* Planet.swift */ = {isa = PBXFileReference; fileEncoding = 4; lastKnownFileType = sourcecode.swift; path = Planet.swift; sourceTree = "<group>"; };
		F9E029E91EA504E8002A1954 /* homeWorld.json */ = {isa = PBXFileReference; fileEncoding = 4; lastKnownFileType = text.json; path = homeWorld.json; sourceTree = "<group>"; };
		F9E029EC1EA5147B002A1954 /* PlanetStore.swift */ = {isa = PBXFileReference; fileEncoding = 4; lastKnownFileType = sourcecode.swift; path = PlanetStore.swift; sourceTree = "<group>"; };
		F9F820AC1E9E99050015E286 /* SWAPI.app */ = {isa = PBXFileReference; explicitFileType = wrapper.application; includeInIndex = 0; path = SWAPI.app; sourceTree = BUILT_PRODUCTS_DIR; };
		F9F820AF1E9E99050015E286 /* AppDelegate.swift */ = {isa = PBXFileReference; lastKnownFileType = sourcecode.swift; path = AppDelegate.swift; sourceTree = "<group>"; };
		F9F820B11E9E99050015E286 /* PeopleViewController.swift */ = {isa = PBXFileReference; lastKnownFileType = sourcecode.swift; path = PeopleViewController.swift; sourceTree = "<group>"; };
		F9F820B41E9E99050015E286 /* Base */ = {isa = PBXFileReference; lastKnownFileType = file.storyboard; name = Base; path = Base.lproj/Main.storyboard; sourceTree = "<group>"; };
		F9F820B61E9E99050015E286 /* Assets.xcassets */ = {isa = PBXFileReference; lastKnownFileType = folder.assetcatalog; path = Assets.xcassets; sourceTree = "<group>"; };
		F9F820B91E9E99050015E286 /* Base */ = {isa = PBXFileReference; lastKnownFileType = file.storyboard; name = Base; path = Base.lproj/LaunchScreen.storyboard; sourceTree = "<group>"; };
		F9F820BB1E9E99050015E286 /* Info.plist */ = {isa = PBXFileReference; lastKnownFileType = text.plist.xml; path = Info.plist; sourceTree = "<group>"; };
		F9F820C01E9E99050015E286 /* SWAPITests.xctest */ = {isa = PBXFileReference; explicitFileType = wrapper.cfbundle; includeInIndex = 0; path = SWAPITests.xctest; sourceTree = BUILT_PRODUCTS_DIR; };
		F9F820C41E9E99050015E286 /* SWAPITests.swift */ = {isa = PBXFileReference; lastKnownFileType = sourcecode.swift; path = SWAPITests.swift; sourceTree = "<group>"; };
		F9F820C61E9E99050015E286 /* Info.plist */ = {isa = PBXFileReference; lastKnownFileType = text.plist.xml; path = Info.plist; sourceTree = "<group>"; };
		F9F820CB1E9E99050015E286 /* SWAPIUITests.xctest */ = {isa = PBXFileReference; explicitFileType = wrapper.cfbundle; includeInIndex = 0; path = SWAPIUITests.xctest; sourceTree = BUILT_PRODUCTS_DIR; };
		F9F820CF1E9E99050015E286 /* SWAPIUITests.swift */ = {isa = PBXFileReference; lastKnownFileType = sourcecode.swift; path = SWAPIUITests.swift; sourceTree = "<group>"; };
		F9F820D11E9E99050015E286 /* Info.plist */ = {isa = PBXFileReference; lastKnownFileType = text.plist.xml; path = Info.plist; sourceTree = "<group>"; };
		F9F820DD1E9E9A340015E286 /* HTTPClient.swift */ = {isa = PBXFileReference; fileEncoding = 4; lastKnownFileType = sourcecode.swift; path = HTTPClient.swift; sourceTree = "<group>"; };
		F9F820DF1E9EBB160015E286 /* MockURLSession.swift */ = {isa = PBXFileReference; fileEncoding = 4; lastKnownFileType = sourcecode.swift; path = MockURLSession.swift; sourceTree = "<group>"; };
		F9F820E11E9EBB6A0015E286 /* MockURLSessionDataTask.swift */ = {isa = PBXFileReference; fileEncoding = 4; lastKnownFileType = sourcecode.swift; path = MockURLSessionDataTask.swift; sourceTree = "<group>"; };
		F9F820E31E9EC18A0015E286 /* people.json */ = {isa = PBXFileReference; fileEncoding = 4; lastKnownFileType = text.json; path = people.json; sourceTree = "<group>"; };
		F9F820E61E9ECF6D0015E286 /* Person.swift */ = {isa = PBXFileReference; fileEncoding = 4; lastKnownFileType = sourcecode.swift; path = Person.swift; sourceTree = "<group>"; };
/* End PBXFileReference section */

/* Begin PBXFrameworksBuildPhase section */
		F9F820A91E9E99050015E286 /* Frameworks */ = {
			isa = PBXFrameworksBuildPhase;
			buildActionMask = 2147483647;
			files = (
				F9E029D51E9FE394002A1954 /* Freddy.framework in Frameworks */,
				F915C0C11EAE841D00199ED5 /* Deferred.framework in Frameworks */,
			);
			runOnlyForDeploymentPostprocessing = 0;
		};
		F9F820BD1E9E99050015E286 /* Frameworks */ = {
			isa = PBXFrameworksBuildPhase;
			buildActionMask = 2147483647;
			files = (
			);
			runOnlyForDeploymentPostprocessing = 0;
		};
		F9F820C81E9E99050015E286 /* Frameworks */ = {
			isa = PBXFrameworksBuildPhase;
			buildActionMask = 2147483647;
			files = (
			);
			runOnlyForDeploymentPostprocessing = 0;
		};
/* End PBXFrameworksBuildPhase section */

/* Begin PBXGroup section */
		F915C0511EAE83F200199ED5 /* Deferred */ = {
			isa = PBXGroup;
			children = (
				F915C0521EAE83F200199ED5 /* .cocoadocs.yml */,
				F915C0531EAE83F200199ED5 /* .fastlane */,
				F915C05C1EAE83F200199ED5 /* .github */,
				F915C0601EAE83F200199ED5 /* .gitignore */,
				F915C0611EAE83F200199ED5 /* .jazzy.yml */,
				F915C0621EAE83F200199ED5 /* .swift-version */,
				F915C0631EAE83F200199ED5 /* .swiftlint.yml */,
				F915C0641EAE83F200199ED5 /* .travis.yml */,
				F915C0651EAE83F200199ED5 /* BNRDeferred.podspec */,
				F915C0661EAE83F200199ED5 /* Configurations */,
				F915C06C1EAE83F200199ED5 /* Deferred.xcodeproj */,
				F915C06F1EAE83F200199ED5 /* Documentation */,
				F915C0761EAE83F200199ED5 /* LICENSE.txt */,
				F915C0771EAE83F200199ED5 /* Package.swift */,
				F915C0781EAE83F200199ED5 /* README.md */,
				F915C0791EAE83F200199ED5 /* Sources */,
				F915C0A01EAE83F200199ED5 /* Tests */,
			);
			name = Deferred;
			path = Packages/Deferred;
			sourceTree = "<group>";
		};
		F915C0531EAE83F200199ED5 /* .fastlane */ = {
			isa = PBXGroup;
			children = (
				F915C0541EAE83F200199ED5 /* actions */,
				F915C0591EAE83F200199ED5 /* Fastfile */,
				F915C05A1EAE83F200199ED5 /* README.md */,
				F915C05B1EAE83F200199ED5 /* report.xml */,
			);
			path = .fastlane;
			sourceTree = "<group>";
		};
		F915C0541EAE83F200199ED5 /* actions */ = {
			isa = PBXGroup;
			children = (
				F915C0551EAE83F200199ED5 /* deferred_readme_set_version.rb */,
				F915C0561EAE83F200199ED5 /* podspec_set_version.rb */,
				F915C0571EAE83F200199ED5 /* publish_gh_pages.rb */,
				F915C0581EAE83F200199ED5 /* version_bump_xcconfig.rb */,
			);
			path = actions;
			sourceTree = "<group>";
		};
		F915C05C1EAE83F200199ED5 /* .github */ = {
			isa = PBXGroup;
			children = (
				F915C05D1EAE83F200199ED5 /* CODE_OF_CONDUCT.md */,
				F915C05E1EAE83F200199ED5 /* CONTRIBUTING.md */,
				F915C05F1EAE83F200199ED5 /* PULL_REQUEST_TEMPLATE.md */,
			);
			path = .github;
			sourceTree = "<group>";
		};
		F915C0661EAE83F200199ED5 /* Configurations */ = {
			isa = PBXGroup;
			children = (
				F915C0671EAE83F200199ED5 /* Base.xcconfig */,
				F915C0681EAE83F200199ED5 /* Debug.xcconfig */,
				F915C0691EAE83F200199ED5 /* Framework.xcconfig */,
				F915C06A1EAE83F200199ED5 /* Release.xcconfig */,
				F915C06B1EAE83F200199ED5 /* Tests.xcconfig */,
			);
			path = Configurations;
			sourceTree = "<group>";
		};
		F915C06D1EAE83F200199ED5 /* Products */ = {
			isa = PBXGroup;
			children = (
				F915C0B81EAE83F200199ED5 /* Deferred.framework */,
				F915C0BA1EAE83F200199ED5 /* DeferredTests.xctest */,
			);
			name = Products;
			sourceTree = "<group>";
		};
		F915C06F1EAE83F200199ED5 /* Documentation */ = {
			isa = PBXGroup;
			children = (
				F915C0701EAE83F200199ED5 /* Guide */,
				F915C0751EAE83F200199ED5 /* Intuition.md */,
			);
			path = Documentation;
			sourceTree = "<group>";
		};
		F915C0701EAE83F200199ED5 /* Guide */ = {
			isa = PBXGroup;
			children = (
				F915C0711EAE83F200199ED5 /* Basic Tasks.md */,
				F915C0721EAE83F200199ED5 /* Getting Started.md */,
				F915C0731EAE83F200199ED5 /* Mastering The Future Type.md */,
				F915C0741EAE83F200199ED5 /* Why Deferred?.md */,
			);
			path = Guide;
			sourceTree = "<group>";
		};
		F915C0791EAE83F200199ED5 /* Sources */ = {
			isa = PBXGroup;
			children = (
				F915C07A1EAE83F200199ED5 /* Atomics */,
				F915C07F1EAE83F200199ED5 /* Deferred */,
				F915C08B1EAE83F200199ED5 /* Deferred.h */,
				F915C08C1EAE83F200199ED5 /* Info.plist */,
				F915C08D1EAE83F200199ED5 /* module.modulemap */,
				F915C08E1EAE83F200199ED5 /* Result */,
				F915C0921EAE83F200199ED5 /* Task */,
				F915C09E1EAE83F200199ED5 /* TestSupport */,
			);
			path = Sources;
			sourceTree = "<group>";
		};
		F915C07A1EAE83F200199ED5 /* Atomics */ = {
			isa = PBXGroup;
			children = (
				F915C07B1EAE83F200199ED5 /* Empty.c */,
				F915C07C1EAE83F200199ED5 /* include */,
			);
			path = Atomics;
			sourceTree = "<group>";
		};
		F915C07C1EAE83F200199ED5 /* include */ = {
			isa = PBXGroup;
			children = (
				F915C07D1EAE83F200199ED5 /* Atomics.h */,
				F915C07E1EAE83F200199ED5 /* module.modulemap */,
			);
			path = include;
			sourceTree = "<group>";
		};
		F915C07F1EAE83F200199ED5 /* Deferred */ = {
			isa = PBXGroup;
			children = (
				F915C0801EAE83F200199ED5 /* Deferred.swift */,
				F915C0811EAE83F200199ED5 /* Executor.swift */,
				F915C0821EAE83F200199ED5 /* ExistentialFuture.swift */,
				F915C0831EAE83F200199ED5 /* Future.swift */,
				F915C0841EAE83F200199ED5 /* FutureCollections.swift */,
				F915C0851EAE83F200199ED5 /* FutureComposition.swift */,
				F915C0861EAE83F200199ED5 /* FutureEveryMap.swift */,
				F915C0871EAE83F200199ED5 /* FutureIgnore.swift */,
				F915C0881EAE83F200199ED5 /* Locking.swift */,
				F915C0891EAE83F200199ED5 /* Promise.swift */,
				F915C08A1EAE83F200199ED5 /* Protected.swift */,
			);
			path = Deferred;
			sourceTree = "<group>";
		};
		F915C08E1EAE83F200199ED5 /* Result */ = {
			isa = PBXGroup;
			children = (
				F915C08F1EAE83F200199ED5 /* Either.swift */,
				F915C0901EAE83F200199ED5 /* EitherRecovery.swift */,
				F915C0911EAE83F200199ED5 /* TaskResult.swift */,
			);
			path = Result;
			sourceTree = "<group>";
		};
		F915C0921EAE83F200199ED5 /* Task */ = {
			isa = PBXGroup;
			children = (
				F915C0931EAE83F200199ED5 /* ExistentialTask.swift */,
				F915C0941EAE83F200199ED5 /* ResultFuture.swift */,
				F915C0951EAE83F200199ED5 /* ResultPromise.swift */,
				F915C0961EAE83F200199ED5 /* TaskAndThen.swift */,
				F915C0971EAE83F200199ED5 /* TaskCollections.swift */,
				F915C0981EAE83F200199ED5 /* TaskGroup.swift */,
				F915C0991EAE83F200199ED5 /* TaskIgnore.swift */,
				F915C09A1EAE83F200199ED5 /* TaskMap.swift */,
				F915C09B1EAE83F200199ED5 /* TaskProgress.swift */,
				F915C09C1EAE83F200199ED5 /* TaskRecovery.swift */,
				F915C09D1EAE83F200199ED5 /* TaskWorkItem.swift */,
			);
			path = Task;
			sourceTree = "<group>";
		};
		F915C09E1EAE83F200199ED5 /* TestSupport */ = {
			isa = PBXGroup;
			children = (
				F915C09F1EAE83F200199ED5 /* Fixtures.swift */,
			);
			path = TestSupport;
			sourceTree = "<group>";
		};
		F915C0A01EAE83F200199ED5 /* Tests */ = {
			isa = PBXGroup;
			children = (
				F915C0A11EAE83F200199ED5 /* DeferredTests */,
				F915C0AA1EAE83F200199ED5 /* Info.plist */,
				F915C0AB1EAE83F200199ED5 /* LinuxMain.swift */,
				F915C0AC1EAE83F200199ED5 /* ResultTests */,
				F915C0B01EAE83F200199ED5 /* TaskTests */,
			);
			path = Tests;
			sourceTree = "<group>";
		};
		F915C0A11EAE83F200199ED5 /* DeferredTests */ = {
			isa = PBXGroup;
			children = (
				F915C0A21EAE83F200199ED5 /* DeferredTests.swift */,
				F915C0A31EAE83F200199ED5 /* ExistentialFutureTests.swift */,
				F915C0A41EAE83F200199ED5 /* FutureCustomExecutorTests.swift */,
				F915C0A51EAE83F200199ED5 /* FutureIgnoreTests.swift */,
				F915C0A61EAE83F200199ED5 /* FutureTests.swift */,
				F915C0A71EAE83F200199ED5 /* LockingTests.swift */,
				F915C0A81EAE83F200199ED5 /* ProtectedTests.swift */,
				F915C0A91EAE83F200199ED5 /* SwiftBugTests.swift */,
			);
			path = DeferredTests;
			sourceTree = "<group>";
		};
		F915C0AC1EAE83F200199ED5 /* ResultTests */ = {
			isa = PBXGroup;
			children = (
				F915C0AD1EAE83F200199ED5 /* ResultRecoveryTests.swift */,
				F915C0AE1EAE83F200199ED5 /* TaskResultTests.swift */,
				F915C0AF1EAE83F200199ED5 /* VoidResultTests.swift */,
			);
			path = ResultTests;
			sourceTree = "<group>";
		};
		F915C0B01EAE83F200199ED5 /* TaskTests */ = {
			isa = PBXGroup;
			children = (
				F915C0B11EAE83F200199ED5 /* TaskComprehensiveTests.swift */,
				F915C0B21EAE83F200199ED5 /* TaskGroupTests.swift */,
				F915C0B31EAE83F200199ED5 /* TaskTests.swift */,
				F915C0B41EAE83F200199ED5 /* TaskWorkItemTests.swift */,
			);
			path = TaskTests;
			sourceTree = "<group>";
		};
		F970A5E61EB7AA6100F4BF02 /* Storyboards */ = {
			isa = PBXGroup;
			children = (
				F9F820B31E9E99050015E286 /* Main.storyboard */,
				F970A5C21EB3C2C900F4BF02 /* Planets.storyboard */,
				F970A5BF1EB3C29400F4BF02 /* People.storyboard */,
			);
			name = Storyboards;
			sourceTree = "<group>";
		};
		F9E029841E9FE34E002A1954 /* Freddy */ = {
			isa = PBXGroup;
			children = (
				F9E029851E9FE34E002A1954 /* .cocoadocs.yml */,
				F9E029861E9FE34E002A1954 /* .gitignore */,
				F9E029871E9FE34E002A1954 /* .ruby-version */,
				F9E029881E9FE34E002A1954 /* .swift-version */,
				F9E029891E9FE34E002A1954 /* .travis.yml */,
				F9E0298A1E9FE34E002A1954 /* Configurations */,
				F9E029901E9FE34E002A1954 /* CONTRIBUTING.md */,
				F9E029911E9FE34E002A1954 /* fastlane */,
				F9E029941E9FE34E002A1954 /* Freddy.podspec */,
				F9E029951E9FE34E002A1954 /* Freddy.xcodeproj */,
				F9E029981E9FE34E002A1954 /* Gemfile */,
				F9E029991E9FE34E002A1954 /* Gemfile.lock */,
				F9E0299A1E9FE34E002A1954 /* LICENSE */,
				F9E0299B1E9FE34E002A1954 /* Package.swift */,
				F9E0299C1E9FE34E002A1954 /* README.md */,
				F9E0299D1E9FE34E002A1954 /* README_Images */,
				F9E029A21E9FE34E002A1954 /* Resources */,
				F9E029A61E9FE34E002A1954 /* Sources */,
				F9E029B21E9FE34E002A1954 /* Tests */,
			);
			name = Freddy;
			path = Packages/Freddy;
			sourceTree = "<group>";
		};
		F9E0298A1E9FE34E002A1954 /* Configurations */ = {
			isa = PBXGroup;
			children = (
				F9E0298B1E9FE34E002A1954 /* Base.xcconfig */,
				F9E0298C1E9FE34E002A1954 /* Debug.xcconfig */,
				F9E0298D1E9FE34E002A1954 /* Framework.xcconfig */,
				F9E0298E1E9FE34E002A1954 /* Release.xcconfig */,
				F9E0298F1E9FE34E002A1954 /* Tests.xcconfig */,
			);
			path = Configurations;
			sourceTree = "<group>";
		};
		F9E029911E9FE34E002A1954 /* fastlane */ = {
			isa = PBXGroup;
			children = (
				F9E029921E9FE34E002A1954 /* Fastfile */,
				F9E029931E9FE34E002A1954 /* README.md */,
			);
			path = fastlane;
			sourceTree = "<group>";
		};
		F9E029961E9FE34E002A1954 /* Products */ = {
			isa = PBXGroup;
			children = (
				F9E029C81E9FE34E002A1954 /* Freddy.framework */,
				F9E029CA1E9FE34E002A1954 /* FreddyTests.xctest */,
				F9E029CC1E9FE34E002A1954 /* Freddy.framework */,
				F9E029CE1E9FE34E002A1954 /* MobileFreddyTests.xctest */,
				F9E029D01E9FE34E002A1954 /* Freddy.framework */,
				F9E029D21E9FE34E002A1954 /* TVFreddyTests.xctest */,
				F9E029D41E9FE34E002A1954 /* Freddy.framework */,
			);
			name = Products;
			sourceTree = "<group>";
		};
		F9E0299D1E9FE34E002A1954 /* README_Images */ = {
			isa = PBXGroup;
			children = (
				F9E0299E1E9FE34E002A1954 /* addErrorBreakpoint.png */,
				F9E0299F1E9FE34E002A1954 /* addType.png */,
				F9E029A01E9FE34E002A1954 /* editBreakpoint.png */,
				F9E029A11E9FE34E002A1954 /* projectNav_addBreakpoint.png */,
			);
			path = README_Images;
			sourceTree = "<group>";
		};
		F9E029A21E9FE34E002A1954 /* Resources */ = {
			isa = PBXGroup;
			children = (
				F9E029A31E9FE34E002A1954 /* scripts */,
			);
			path = Resources;
			sourceTree = "<group>";
		};
		F9E029A31E9FE34E002A1954 /* scripts */ = {
			isa = PBXGroup;
			children = (
				F9E029A41E9FE34E002A1954 /* publish_docs.sh */,
				F9E029A51E9FE34E002A1954 /* validate_carthage.sh */,
			);
			path = scripts;
			sourceTree = "<group>";
		};
		F9E029A61E9FE34E002A1954 /* Sources */ = {
			isa = PBXGroup;
			children = (
				F9E029A71E9FE34E002A1954 /* Freddy.h */,
				F9E029A81E9FE34E002A1954 /* Info.plist */,
				F9E029A91E9FE34E002A1954 /* JSON.swift */,
				F9E029AA1E9FE34E002A1954 /* JSONDecodable.swift */,
				F9E029AB1E9FE34E002A1954 /* JSONEncodable.swift */,
				F9E029AC1E9FE34E002A1954 /* JSONEncodingDetector.swift */,
				F9E029AD1E9FE34E002A1954 /* JSONLiteralConvertible.swift */,
				F9E029AE1E9FE34E002A1954 /* JSONParser.swift */,
				F9E029AF1E9FE34E002A1954 /* JSONParsing.swift */,
				F9E029B01E9FE34E002A1954 /* JSONSerializing.swift */,
				F9E029B11E9FE34E002A1954 /* JSONSubscripting.swift */,
			);
			path = Sources;
			sourceTree = "<group>";
		};
		F9E029B21E9FE34E002A1954 /* Tests */ = {
			isa = PBXGroup;
			children = (
				F9E029B31E9FE34E002A1954 /* FreddyTests */,
			);
			path = Tests;
			sourceTree = "<group>";
		};
		F9E029B31E9FE34E002A1954 /* FreddyTests */ = {
			isa = PBXGroup;
			children = (
				F9E029B41E9FE34E002A1954 /* Info.plist */,
				F9E029B51E9FE34E002A1954 /* JSONDecodableTests.swift */,
				F9E029B61E9FE34E002A1954 /* JSONEncodableTests.swift */,
				F9E029B71E9FE34E002A1954 /* JSONEncodingDetectorTests.swift */,
				F9E029B81E9FE34E002A1954 /* JSONParserTests.swift */,
				F9E029B91E9FE34E002A1954 /* JSONSerializingTests.swift */,
				F9E029BA1E9FE34E002A1954 /* JSONSubscriptingTests.swift */,
				F9E029BB1E9FE34E002A1954 /* JSONTests.swift */,
				F9E029BC1E9FE34E002A1954 /* JSONTypeTests.swift */,
				F9E029BD1E9FE34E002A1954 /* Person.swift */,
				F9E029BE1E9FE34E002A1954 /* sample.JSON */,
				F9E029BF1E9FE34E002A1954 /* sampleNoWhiteSpace.JSON */,
			);
			path = FreddyTests;
			sourceTree = "<group>";
		};
		F9E029EB1EA5118F002A1954 /* Models */ = {
			isa = PBXGroup;
			children = (
				F9F820E61E9ECF6D0015E286 /* Person.swift */,
				F9E029E01EA4FFED002A1954 /* Planet.swift */,
			);
			name = Models;
			sourceTree = "<group>";
		};
		F9F820A31E9E99050015E286 = {
			isa = PBXGroup;
			children = (
				F915C0511EAE83F200199ED5 /* Deferred */,
				F9F820AE1E9E99050015E286 /* SWAPI */,
				F9F820C31E9E99050015E286 /* SWAPITests */,
				F9F820CE1E9E99050015E286 /* SWAPIUITests */,
				F9F820AD1E9E99050015E286 /* Products */,
				F9E029841E9FE34E002A1954 /* Freddy */,
			);
			sourceTree = "<group>";
		};
		F9F820AD1E9E99050015E286 /* Products */ = {
			isa = PBXGroup;
			children = (
				F9F820AC1E9E99050015E286 /* SWAPI.app */,
				F9F820C01E9E99050015E286 /* SWAPITests.xctest */,
				F9F820CB1E9E99050015E286 /* SWAPIUITests.xctest */,
			);
			name = Products;
			sourceTree = "<group>";
		};
		F9F820AE1E9E99050015E286 /* SWAPI */ = {
			isa = PBXGroup;
			children = (
				F9E029EB1EA5118F002A1954 /* Models */,
				F970A5E61EB7AA6100F4BF02 /* Storyboards */,
				F970A5C71EB782E500F4BF02 /* NibLoadable.swift */,
				F970A5D01EB784C500F4BF02 /* TableViewRow.swift */,
				F970A5D21EB786C200F4BF02 /* ExistentialTableViewRow.swift */,
				F970A5D41EB79C2100F4BF02 /* TwoLabelTableViewCell.swift */,
				F970A5D51EB79C2100F4BF02 /* TwoLabelTableViewCell.xib */,
				F970A5DE1EB79DA500F4BF02 /* ThreeLabelTableViewCell.swift */,
				F970A5DF1EB79DA500F4BF02 /* ThreeLabelTableViewCell.xib */,
				F970A5E21EB79F3B00F4BF02 /* TwoLabelRow.swift */,
				F970A5E41EB79FE700F4BF02 /* ThreeLabelRow.swift */,
				F970A5BB1EB3B66B00F4BF02 /* PlanetDetailViewController.swift */,
				F970A5B91EB3B52600F4BF02 /* PersonDetailViewController.swift */,
				F9F820DF1E9EBB160015E286 /* MockURLSession.swift */,
				F9F820E11E9EBB6A0015E286 /* MockURLSessionDataTask.swift */,
				F9F820DD1E9E9A340015E286 /* HTTPClient.swift */,
				F970A5AC1EB3A88600F4BF02 /* RootViewController.swift */,
				F970A5BD1EB3BC4200F4BF02 /* SegueHandler.swift */,
				F970A5B51EB3AE4300F4BF02 /* PlanetsViewController.swift */,
				F970A5B71EB3B0D300F4BF02 /* AlertPresenter.swift */,
				F9F820B11E9E99050015E286 /* PeopleViewController.swift */,
				F9E029DA1EA003D9002A1954 /* PeopleStore.swift */,
				F9E029EC1EA5147B002A1954 /* PlanetStore.swift */,
				F9F820AF1E9E99050015E286 /* AppDelegate.swift */,
				F9F820B61E9E99050015E286 /* Assets.xcassets */,
				F9F820B81E9E99050015E286 /* LaunchScreen.storyboard */,
				F9F820BB1E9E99050015E286 /* Info.plist */,
			);
			path = SWAPI;
			sourceTree = "<group>";
		};
		F9F820C31E9E99050015E286 /* SWAPITests */ = {
			isa = PBXGroup;
			children = (
				F9E029E91EA504E8002A1954 /* homeWorld.json */,
				F9F820C41E9E99050015E286 /* SWAPITests.swift */,
				F9F820E31E9EC18A0015E286 /* people.json */,
				F9F820C61E9E99050015E286 /* Info.plist */,
			);
			path = SWAPITests;
			sourceTree = "<group>";
		};
		F9F820CE1E9E99050015E286 /* SWAPIUITests */ = {
			isa = PBXGroup;
			children = (
				F9F820CF1E9E99050015E286 /* SWAPIUITests.swift */,
				F9F820D11E9E99050015E286 /* Info.plist */,
			);
			path = SWAPIUITests;
			sourceTree = "<group>";
		};
/* End PBXGroup section */

/* Begin PBXNativeTarget section */
		F9F820AB1E9E99050015E286 /* SWAPI */ = {
			isa = PBXNativeTarget;
			buildConfigurationList = F9F820D41E9E99050015E286 /* Build configuration list for PBXNativeTarget "SWAPI" */;
			buildPhases = (
				F9F820A81E9E99050015E286 /* Sources */,
				F9F820A91E9E99050015E286 /* Frameworks */,
				F9F820AA1E9E99050015E286 /* Resources */,
				F9E029D91E9FE394002A1954 /* Embed Frameworks */,
			);
			buildRules = (
			);
			dependencies = (
				F9E029D81E9FE394002A1954 /* PBXTargetDependency */,
				F915C0C41EAE841D00199ED5 /* PBXTargetDependency */,
			);
			name = SWAPI;
			productName = SWAPI;
			productReference = F9F820AC1E9E99050015E286 /* SWAPI.app */;
			productType = "com.apple.product-type.application";
		};
		F9F820BF1E9E99050015E286 /* SWAPITests */ = {
			isa = PBXNativeTarget;
			buildConfigurationList = F9F820D71E9E99050015E286 /* Build configuration list for PBXNativeTarget "SWAPITests" */;
			buildPhases = (
				F9F820BC1E9E99050015E286 /* Sources */,
				F9F820BD1E9E99050015E286 /* Frameworks */,
				F9F820BE1E9E99050015E286 /* Resources */,
			);
			buildRules = (
			);
			dependencies = (
				F9F820C21E9E99050015E286 /* PBXTargetDependency */,
			);
			name = SWAPITests;
			productName = SWAPITests;
			productReference = F9F820C01E9E99050015E286 /* SWAPITests.xctest */;
			productType = "com.apple.product-type.bundle.unit-test";
		};
		F9F820CA1E9E99050015E286 /* SWAPIUITests */ = {
			isa = PBXNativeTarget;
			buildConfigurationList = F9F820DA1E9E99050015E286 /* Build configuration list for PBXNativeTarget "SWAPIUITests" */;
			buildPhases = (
				F9F820C71E9E99050015E286 /* Sources */,
				F9F820C81E9E99050015E286 /* Frameworks */,
				F9F820C91E9E99050015E286 /* Resources */,
			);
			buildRules = (
			);
			dependencies = (
				F9F820CD1E9E99050015E286 /* PBXTargetDependency */,
			);
			name = SWAPIUITests;
			productName = SWAPIUITests;
			productReference = F9F820CB1E9E99050015E286 /* SWAPIUITests.xctest */;
			productType = "com.apple.product-type.bundle.ui-testing";
		};
/* End PBXNativeTarget section */

/* Begin PBXProject section */
		F9F820A41E9E99050015E286 /* Project object */ = {
			isa = PBXProject;
			attributes = {
				LastSwiftUpdateCheck = 0830;
				LastUpgradeCheck = 0830;
				ORGANIZATIONNAME = "Michael D. Williams";
				TargetAttributes = {
					F9F820AB1E9E99050015E286 = {
						CreatedOnToolsVersion = 8.3.1;
						DevelopmentTeam = 83CMDN6MCP;
						ProvisioningStyle = Automatic;
					};
					F9F820BF1E9E99050015E286 = {
						CreatedOnToolsVersion = 8.3.1;
						DevelopmentTeam = 83CMDN6MCP;
						ProvisioningStyle = Automatic;
						TestTargetID = F9F820AB1E9E99050015E286;
					};
					F9F820CA1E9E99050015E286 = {
						CreatedOnToolsVersion = 8.3.1;
						DevelopmentTeam = 83CMDN6MCP;
						ProvisioningStyle = Automatic;
						TestTargetID = F9F820AB1E9E99050015E286;
					};
				};
			};
			buildConfigurationList = F9F820A71E9E99050015E286 /* Build configuration list for PBXProject "SWAPI" */;
			compatibilityVersion = "Xcode 3.2";
			developmentRegion = English;
			hasScannedForEncodings = 0;
			knownRegions = (
				en,
				Base,
			);
			mainGroup = F9F820A31E9E99050015E286;
			productRefGroup = F9F820AD1E9E99050015E286 /* Products */;
			projectDirPath = "";
			projectReferences = (
				{
					ProductGroup = F915C06D1EAE83F200199ED5 /* Products */;
					ProjectRef = F915C06C1EAE83F200199ED5 /* Deferred.xcodeproj */;
				},
				{
					ProductGroup = F9E029961E9FE34E002A1954 /* Products */;
					ProjectRef = F9E029951E9FE34E002A1954 /* Freddy.xcodeproj */;
				},
			);
			projectRoot = "";
			targets = (
				F9F820AB1E9E99050015E286 /* SWAPI */,
				F9F820BF1E9E99050015E286 /* SWAPITests */,
				F9F820CA1E9E99050015E286 /* SWAPIUITests */,
			);
		};
/* End PBXProject section */

/* Begin PBXReferenceProxy section */
		F915C0B81EAE83F200199ED5 /* Deferred.framework */ = {
			isa = PBXReferenceProxy;
			fileType = wrapper.framework;
			path = Deferred.framework;
			remoteRef = F915C0B71EAE83F200199ED5 /* PBXContainerItemProxy */;
			sourceTree = BUILT_PRODUCTS_DIR;
		};
		F915C0BA1EAE83F200199ED5 /* DeferredTests.xctest */ = {
			isa = PBXReferenceProxy;
			fileType = wrapper.cfbundle;
			path = DeferredTests.xctest;
			remoteRef = F915C0B91EAE83F200199ED5 /* PBXContainerItemProxy */;
			sourceTree = BUILT_PRODUCTS_DIR;
		};
		F9E029C81E9FE34E002A1954 /* Freddy.framework */ = {
			isa = PBXReferenceProxy;
			fileType = wrapper.framework;
			path = Freddy.framework;
			remoteRef = F9E029C71E9FE34E002A1954 /* PBXContainerItemProxy */;
			sourceTree = BUILT_PRODUCTS_DIR;
		};
		F9E029CA1E9FE34E002A1954 /* FreddyTests.xctest */ = {
			isa = PBXReferenceProxy;
			fileType = wrapper.cfbundle;
			path = FreddyTests.xctest;
			remoteRef = F9E029C91E9FE34E002A1954 /* PBXContainerItemProxy */;
			sourceTree = BUILT_PRODUCTS_DIR;
		};
		F9E029CC1E9FE34E002A1954 /* Freddy.framework */ = {
			isa = PBXReferenceProxy;
			fileType = wrapper.framework;
			path = Freddy.framework;
			remoteRef = F9E029CB1E9FE34E002A1954 /* PBXContainerItemProxy */;
			sourceTree = BUILT_PRODUCTS_DIR;
		};
		F9E029CE1E9FE34E002A1954 /* MobileFreddyTests.xctest */ = {
			isa = PBXReferenceProxy;
			fileType = wrapper.cfbundle;
			path = MobileFreddyTests.xctest;
			remoteRef = F9E029CD1E9FE34E002A1954 /* PBXContainerItemProxy */;
			sourceTree = BUILT_PRODUCTS_DIR;
		};
		F9E029D01E9FE34E002A1954 /* Freddy.framework */ = {
			isa = PBXReferenceProxy;
			fileType = wrapper.framework;
			path = Freddy.framework;
			remoteRef = F9E029CF1E9FE34E002A1954 /* PBXContainerItemProxy */;
			sourceTree = BUILT_PRODUCTS_DIR;
		};
		F9E029D21E9FE34E002A1954 /* TVFreddyTests.xctest */ = {
			isa = PBXReferenceProxy;
			fileType = wrapper.cfbundle;
			path = TVFreddyTests.xctest;
			remoteRef = F9E029D11E9FE34E002A1954 /* PBXContainerItemProxy */;
			sourceTree = BUILT_PRODUCTS_DIR;
		};
		F9E029D41E9FE34E002A1954 /* Freddy.framework */ = {
			isa = PBXReferenceProxy;
			fileType = wrapper.framework;
			path = Freddy.framework;
			remoteRef = F9E029D31E9FE34E002A1954 /* PBXContainerItemProxy */;
			sourceTree = BUILT_PRODUCTS_DIR;
		};
/* End PBXReferenceProxy section */

/* Begin PBXResourcesBuildPhase section */
		F9F820AA1E9E99050015E286 /* Resources */ = {
			isa = PBXResourcesBuildPhase;
			buildActionMask = 2147483647;
			files = (
				F9F820BA1E9E99050015E286 /* LaunchScreen.storyboard in Resources */,
				F970A5C11EB3C29400F4BF02 /* People.storyboard in Resources */,
				F970A5E11EB79DA500F4BF02 /* ThreeLabelTableViewCell.xib in Resources */,
				F9F820B71E9E99050015E286 /* Assets.xcassets in Resources */,
				F9F820B51E9E99050015E286 /* Main.storyboard in Resources */,
				F970A5C41EB3C2C900F4BF02 /* Planets.storyboard in Resources */,
				F970A5D71EB79C2100F4BF02 /* TwoLabelTableViewCell.xib in Resources */,
			);
			runOnlyForDeploymentPostprocessing = 0;
		};
		F9F820BE1E9E99050015E286 /* Resources */ = {
			isa = PBXResourcesBuildPhase;
			buildActionMask = 2147483647;
			files = (
				F9F820E51E9EC3D80015E286 /* people.json in Resources */,
				F9E029EA1EA504E8002A1954 /* homeWorld.json in Resources */,
			);
			runOnlyForDeploymentPostprocessing = 0;
		};
		F9F820C91E9E99050015E286 /* Resources */ = {
			isa = PBXResourcesBuildPhase;
			buildActionMask = 2147483647;
			files = (
			);
			runOnlyForDeploymentPostprocessing = 0;
		};
/* End PBXResourcesBuildPhase section */

/* Begin PBXSourcesBuildPhase section */
		F9F820A81E9E99050015E286 /* Sources */ = {
			isa = PBXSourcesBuildPhase;
			buildActionMask = 2147483647;
			files = (
				F970A5D61EB79C2100F4BF02 /* TwoLabelTableViewCell.swift in Sources */,
				F970A5BC1EB3B66B00F4BF02 /* PlanetDetailViewController.swift in Sources */,
				F970A5AD1EB3A88600F4BF02 /* RootViewController.swift in Sources */,
				F9E029DB1EA003D9002A1954 /* PeopleStore.swift in Sources */,
				F9F820E71E9ECF6D0015E286 /* Person.swift in Sources */,
				F9F820B21E9E99050015E286 /* PeopleViewController.swift in Sources */,
				F9E029E11EA4FFED002A1954 /* Planet.swift in Sources */,
				F970A5E01EB79DA500F4BF02 /* ThreeLabelTableViewCell.swift in Sources */,
				F970A5BE1EB3BC4200F4BF02 /* SegueHandler.swift in Sources */,
				F9F820E21E9EBB6A0015E286 /* MockURLSessionDataTask.swift in Sources */,
				F9E029ED1EA5147B002A1954 /* PlanetStore.swift in Sources */,
				F970A5C81EB782E500F4BF02 /* NibLoadable.swift in Sources */,
				F9F820E01E9EBB160015E286 /* MockURLSession.swift in Sources */,
				F9F820B01E9E99050015E286 /* AppDelegate.swift in Sources */,
				F970A5D11EB784C500F4BF02 /* TableViewRow.swift in Sources */,
				F970A5B61EB3AE4300F4BF02 /* PlanetsViewController.swift in Sources */,
				F970A5E51EB79FE700F4BF02 /* ThreeLabelRow.swift in Sources */,
				F970A5BA1EB3B52600F4BF02 /* PersonDetailViewController.swift in Sources */,
				F9F820DE1E9E9A340015E286 /* HTTPClient.swift in Sources */,
				F970A5E31EB79F3B00F4BF02 /* TwoLabelRow.swift in Sources */,
				F970A5B81EB3B0D300F4BF02 /* AlertPresenter.swift in Sources */,
				F970A5D31EB786C200F4BF02 /* ExistentialTableViewRow.swift in Sources */,
			);
			runOnlyForDeploymentPostprocessing = 0;
		};
		F9F820BC1E9E99050015E286 /* Sources */ = {
			isa = PBXSourcesBuildPhase;
			buildActionMask = 2147483647;
			files = (
				F9F820C51E9E99050015E286 /* SWAPITests.swift in Sources */,
			);
			runOnlyForDeploymentPostprocessing = 0;
		};
		F9F820C71E9E99050015E286 /* Sources */ = {
			isa = PBXSourcesBuildPhase;
			buildActionMask = 2147483647;
			files = (
				F9F820D01E9E99050015E286 /* SWAPIUITests.swift in Sources */,
			);
			runOnlyForDeploymentPostprocessing = 0;
		};
/* End PBXSourcesBuildPhase section */

/* Begin PBXTargetDependency section */
		F915C0C41EAE841D00199ED5 /* PBXTargetDependency */ = {
			isa = PBXTargetDependency;
			name = Deferred;
			targetProxy = F915C0C31EAE841D00199ED5 /* PBXContainerItemProxy */;
		};
		F9E029D81E9FE394002A1954 /* PBXTargetDependency */ = {
			isa = PBXTargetDependency;
			name = MobileFreddy;
			targetProxy = F9E029D71E9FE394002A1954 /* PBXContainerItemProxy */;
		};
		F9F820C21E9E99050015E286 /* PBXTargetDependency */ = {
			isa = PBXTargetDependency;
			target = F9F820AB1E9E99050015E286 /* SWAPI */;
			targetProxy = F9F820C11E9E99050015E286 /* PBXContainerItemProxy */;
		};
		F9F820CD1E9E99050015E286 /* PBXTargetDependency */ = {
			isa = PBXTargetDependency;
			target = F9F820AB1E9E99050015E286 /* SWAPI */;
			targetProxy = F9F820CC1E9E99050015E286 /* PBXContainerItemProxy */;
		};
/* End PBXTargetDependency section */

/* Begin PBXVariantGroup section */
		F970A5BF1EB3C29400F4BF02 /* People.storyboard */ = {
			isa = PBXVariantGroup;
			children = (
				F970A5C01EB3C29400F4BF02 /* Base */,
			);
			name = People.storyboard;
			sourceTree = "<group>";
		};
		F970A5C21EB3C2C900F4BF02 /* Planets.storyboard */ = {
			isa = PBXVariantGroup;
			children = (
				F970A5C31EB3C2C900F4BF02 /* Base */,
			);
			name = Planets.storyboard;
			sourceTree = "<group>";
		};
		F9F820B31E9E99050015E286 /* Main.storyboard */ = {
			isa = PBXVariantGroup;
			children = (
				F9F820B41E9E99050015E286 /* Base */,
			);
			name = Main.storyboard;
			sourceTree = "<group>";
		};
		F9F820B81E9E99050015E286 /* LaunchScreen.storyboard */ = {
			isa = PBXVariantGroup;
			children = (
				F9F820B91E9E99050015E286 /* Base */,
			);
			name = LaunchScreen.storyboard;
			sourceTree = "<group>";
		};
/* End PBXVariantGroup section */

/* Begin XCBuildConfiguration section */
		F9F820D21E9E99050015E286 /* Debug */ = {
			isa = XCBuildConfiguration;
			buildSettings = {
				ALWAYS_SEARCH_USER_PATHS = NO;
				CLANG_ANALYZER_NONNULL = YES;
				CLANG_ANALYZER_NUMBER_OBJECT_CONVERSION = YES_AGGRESSIVE;
				CLANG_CXX_LANGUAGE_STANDARD = "gnu++0x";
				CLANG_CXX_LIBRARY = "libc++";
				CLANG_ENABLE_MODULES = YES;
				CLANG_ENABLE_OBJC_ARC = YES;
				CLANG_WARN_BOOL_CONVERSION = YES;
				CLANG_WARN_CONSTANT_CONVERSION = YES;
				CLANG_WARN_DIRECT_OBJC_ISA_USAGE = YES_ERROR;
				CLANG_WARN_DOCUMENTATION_COMMENTS = YES;
				CLANG_WARN_EMPTY_BODY = YES;
				CLANG_WARN_ENUM_CONVERSION = YES;
				CLANG_WARN_INFINITE_RECURSION = YES;
				CLANG_WARN_INT_CONVERSION = YES;
				CLANG_WARN_OBJC_ROOT_CLASS = YES_ERROR;
				CLANG_WARN_SUSPICIOUS_MOVE = YES;
				CLANG_WARN_UNREACHABLE_CODE = YES;
				CLANG_WARN__DUPLICATE_METHOD_MATCH = YES;
				"CODE_SIGN_IDENTITY[sdk=iphoneos*]" = "iPhone Developer";
				COPY_PHASE_STRIP = NO;
				DEBUG_INFORMATION_FORMAT = dwarf;
				ENABLE_STRICT_OBJC_MSGSEND = YES;
				ENABLE_TESTABILITY = YES;
				GCC_C_LANGUAGE_STANDARD = gnu99;
				GCC_DYNAMIC_NO_PIC = NO;
				GCC_NO_COMMON_BLOCKS = YES;
				GCC_OPTIMIZATION_LEVEL = 0;
				GCC_PREPROCESSOR_DEFINITIONS = (
					"DEBUG=1",
					"$(inherited)",
				);
				GCC_WARN_64_TO_32_BIT_CONVERSION = YES;
				GCC_WARN_ABOUT_RETURN_TYPE = YES_ERROR;
				GCC_WARN_UNDECLARED_SELECTOR = YES;
				GCC_WARN_UNINITIALIZED_AUTOS = YES_AGGRESSIVE;
				GCC_WARN_UNUSED_FUNCTION = YES;
				GCC_WARN_UNUSED_VARIABLE = YES;
				IPHONEOS_DEPLOYMENT_TARGET = 10.3;
				MTL_ENABLE_DEBUG_INFO = YES;
				ONLY_ACTIVE_ARCH = YES;
				SDKROOT = iphoneos;
				SWIFT_ACTIVE_COMPILATION_CONDITIONS = DEBUG;
				SWIFT_OPTIMIZATION_LEVEL = "-Onone";
				TARGETED_DEVICE_FAMILY = "1,2";
			};
			name = Debug;
		};
		F9F820D31E9E99050015E286 /* Release */ = {
			isa = XCBuildConfiguration;
			buildSettings = {
				ALWAYS_SEARCH_USER_PATHS = NO;
				CLANG_ANALYZER_NONNULL = YES;
				CLANG_ANALYZER_NUMBER_OBJECT_CONVERSION = YES_AGGRESSIVE;
				CLANG_CXX_LANGUAGE_STANDARD = "gnu++0x";
				CLANG_CXX_LIBRARY = "libc++";
				CLANG_ENABLE_MODULES = YES;
				CLANG_ENABLE_OBJC_ARC = YES;
				CLANG_WARN_BOOL_CONVERSION = YES;
				CLANG_WARN_CONSTANT_CONVERSION = YES;
				CLANG_WARN_DIRECT_OBJC_ISA_USAGE = YES_ERROR;
				CLANG_WARN_DOCUMENTATION_COMMENTS = YES;
				CLANG_WARN_EMPTY_BODY = YES;
				CLANG_WARN_ENUM_CONVERSION = YES;
				CLANG_WARN_INFINITE_RECURSION = YES;
				CLANG_WARN_INT_CONVERSION = YES;
				CLANG_WARN_OBJC_ROOT_CLASS = YES_ERROR;
				CLANG_WARN_SUSPICIOUS_MOVE = YES;
				CLANG_WARN_UNREACHABLE_CODE = YES;
				CLANG_WARN__DUPLICATE_METHOD_MATCH = YES;
				"CODE_SIGN_IDENTITY[sdk=iphoneos*]" = "iPhone Developer";
				COPY_PHASE_STRIP = NO;
				DEBUG_INFORMATION_FORMAT = "dwarf-with-dsym";
				ENABLE_NS_ASSERTIONS = NO;
				ENABLE_STRICT_OBJC_MSGSEND = YES;
				GCC_C_LANGUAGE_STANDARD = gnu99;
				GCC_NO_COMMON_BLOCKS = YES;
				GCC_WARN_64_TO_32_BIT_CONVERSION = YES;
				GCC_WARN_ABOUT_RETURN_TYPE = YES_ERROR;
				GCC_WARN_UNDECLARED_SELECTOR = YES;
				GCC_WARN_UNINITIALIZED_AUTOS = YES_AGGRESSIVE;
				GCC_WARN_UNUSED_FUNCTION = YES;
				GCC_WARN_UNUSED_VARIABLE = YES;
				IPHONEOS_DEPLOYMENT_TARGET = 10.3;
				MTL_ENABLE_DEBUG_INFO = NO;
				SDKROOT = iphoneos;
				SWIFT_OPTIMIZATION_LEVEL = "-Owholemodule";
				TARGETED_DEVICE_FAMILY = "1,2";
				VALIDATE_PRODUCT = YES;
			};
			name = Release;
		};
		F9F820D51E9E99050015E286 /* Debug */ = {
			isa = XCBuildConfiguration;
			buildSettings = {
				ALWAYS_EMBED_SWIFT_STANDARD_LIBRARIES = YES;
				ASSETCATALOG_COMPILER_APPICON_NAME = AppIcon;
				DEVELOPMENT_TEAM = 83CMDN6MCP;
				INFOPLIST_FILE = SWAPI/Info.plist;
				LD_RUNPATH_SEARCH_PATHS = "$(inherited) @executable_path/Frameworks";
				PRODUCT_BUNDLE_IDENTIFIER = com.michaeldwilliams.com.SWAPI;
				PRODUCT_NAME = "$(TARGET_NAME)";
				SWIFT_VERSION = 3.0;
			};
			name = Debug;
		};
		F9F820D61E9E99050015E286 /* Release */ = {
			isa = XCBuildConfiguration;
			buildSettings = {
				ALWAYS_EMBED_SWIFT_STANDARD_LIBRARIES = YES;
				ASSETCATALOG_COMPILER_APPICON_NAME = AppIcon;
				DEVELOPMENT_TEAM = 83CMDN6MCP;
				INFOPLIST_FILE = SWAPI/Info.plist;
				LD_RUNPATH_SEARCH_PATHS = "$(inherited) @executable_path/Frameworks";
				PRODUCT_BUNDLE_IDENTIFIER = com.michaeldwilliams.com.SWAPI;
				PRODUCT_NAME = "$(TARGET_NAME)";
				SWIFT_VERSION = 3.0;
			};
			name = Release;
		};
		F9F820D81E9E99050015E286 /* Debug */ = {
			isa = XCBuildConfiguration;
			buildSettings = {
				ALWAYS_EMBED_SWIFT_STANDARD_LIBRARIES = YES;
				BUNDLE_LOADER = "$(TEST_HOST)";
				DEVELOPMENT_TEAM = 83CMDN6MCP;
				INFOPLIST_FILE = SWAPITests/Info.plist;
				LD_RUNPATH_SEARCH_PATHS = "$(inherited) @executable_path/Frameworks @loader_path/Frameworks";
				PRODUCT_BUNDLE_IDENTIFIER = com.michaeldwilliams.com.SWAPITests;
				PRODUCT_NAME = "$(TARGET_NAME)";
				SWIFT_VERSION = 3.0;
				TEST_HOST = "$(BUILT_PRODUCTS_DIR)/SWAPI.app/SWAPI";
			};
			name = Debug;
		};
		F9F820D91E9E99050015E286 /* Release */ = {
			isa = XCBuildConfiguration;
			buildSettings = {
				ALWAYS_EMBED_SWIFT_STANDARD_LIBRARIES = YES;
				BUNDLE_LOADER = "$(TEST_HOST)";
				DEVELOPMENT_TEAM = 83CMDN6MCP;
				INFOPLIST_FILE = SWAPITests/Info.plist;
				LD_RUNPATH_SEARCH_PATHS = "$(inherited) @executable_path/Frameworks @loader_path/Frameworks";
				PRODUCT_BUNDLE_IDENTIFIER = com.michaeldwilliams.com.SWAPITests;
				PRODUCT_NAME = "$(TARGET_NAME)";
				SWIFT_VERSION = 3.0;
				TEST_HOST = "$(BUILT_PRODUCTS_DIR)/SWAPI.app/SWAPI";
			};
			name = Release;
		};
		F9F820DB1E9E99050015E286 /* Debug */ = {
			isa = XCBuildConfiguration;
			buildSettings = {
				ALWAYS_EMBED_SWIFT_STANDARD_LIBRARIES = YES;
				DEVELOPMENT_TEAM = 83CMDN6MCP;
				INFOPLIST_FILE = SWAPIUITests/Info.plist;
				LD_RUNPATH_SEARCH_PATHS = "$(inherited) @executable_path/Frameworks @loader_path/Frameworks";
				PRODUCT_BUNDLE_IDENTIFIER = com.michaeldwilliams.com.SWAPIUITests;
				PRODUCT_NAME = "$(TARGET_NAME)";
				SWIFT_VERSION = 3.0;
				TEST_TARGET_NAME = SWAPI;
			};
			name = Debug;
		};
		F9F820DC1E9E99050015E286 /* Release */ = {
			isa = XCBuildConfiguration;
			buildSettings = {
				ALWAYS_EMBED_SWIFT_STANDARD_LIBRARIES = YES;
				DEVELOPMENT_TEAM = 83CMDN6MCP;
				INFOPLIST_FILE = SWAPIUITests/Info.plist;
				LD_RUNPATH_SEARCH_PATHS = "$(inherited) @executable_path/Frameworks @loader_path/Frameworks";
				PRODUCT_BUNDLE_IDENTIFIER = com.michaeldwilliams.com.SWAPIUITests;
				PRODUCT_NAME = "$(TARGET_NAME)";
				SWIFT_VERSION = 3.0;
				TEST_TARGET_NAME = SWAPI;
			};
			name = Release;
		};
/* End XCBuildConfiguration section */

/* Begin XCConfigurationList section */
		F9F820A71E9E99050015E286 /* Build configuration list for PBXProject "SWAPI" */ = {
			isa = XCConfigurationList;
			buildConfigurations = (
				F9F820D21E9E99050015E286 /* Debug */,
				F9F820D31E9E99050015E286 /* Release */,
			);
			defaultConfigurationIsVisible = 0;
			defaultConfigurationName = Release;
		};
		F9F820D41E9E99050015E286 /* Build configuration list for PBXNativeTarget "SWAPI" */ = {
			isa = XCConfigurationList;
			buildConfigurations = (
				F9F820D51E9E99050015E286 /* Debug */,
				F9F820D61E9E99050015E286 /* Release */,
			);
			defaultConfigurationIsVisible = 0;
			defaultConfigurationName = Release;
		};
		F9F820D71E9E99050015E286 /* Build configuration list for PBXNativeTarget "SWAPITests" */ = {
			isa = XCConfigurationList;
			buildConfigurations = (
				F9F820D81E9E99050015E286 /* Debug */,
				F9F820D91E9E99050015E286 /* Release */,
			);
			defaultConfigurationIsVisible = 0;
			defaultConfigurationName = Release;
		};
		F9F820DA1E9E99050015E286 /* Build configuration list for PBXNativeTarget "SWAPIUITests" */ = {
			isa = XCConfigurationList;
			buildConfigurations = (
				F9F820DB1E9E99050015E286 /* Debug */,
				F9F820DC1E9E99050015E286 /* Release */,
			);
			defaultConfigurationIsVisible = 0;
			defaultConfigurationName = Release;
		};
/* End XCConfigurationList section */
	};
	rootObject = F9F820A41E9E99050015E286 /* Project object */;
}
